
Microsoft Visual Studio Solution File, Format Version 12.00
# Visual Studio 15
Project("{FAE04EC0-301F-11D3-BF4B-00C04F79EFBC}") = "Assembly-CSharp-firstpass", "Assembly-CSharp-firstpass.csproj", "{C7911CE6-8AE1-8CA8-C4E9-23BDA4597FA2}"
EndProject
Project("{FAE04EC0-301F-11D3-BF4B-00C04F79EFBC}") = "Assembly-CSharp-Editor-firstpass", "Assembly-CSharp-Editor-firstpass.csproj", "{C3CB0CCA-D987-15FA-B637-3BC724A373C6}"
EndProject
Project("{FAE04EC0-301F-11D3-BF4B-00C04F79EFBC}") = "Ink-Libraries", "Ink-Libraries.csproj", "{F859ED84-525F-EB44-6E05-DD4EAB062255}"
EndProject
Project("{FAE04EC0-301F-11D3-BF4B-00C04F79EFBC}") = "Assembly-CSharp", "Assembly-CSharp.csproj", "{F7BE11C1-11F5-48F4-7482-7E4D84F0020A}"
EndProject
Project("{FAE04EC0-301F-11D3-BF4B-00C04F79EFBC}") = "InkEditor", "InkEditor.csproj", "{2AF58FFD-FEAE-2957-1A99-3C6F31F82204}"
EndProject
Project("{FAE04EC0-301F-11D3-BF4B-00C04F79EFBC}") = "Assembly-CSharp-Editor", "Assembly-CSharp-Editor.csproj", "{89350DBE-1540-66D2-63CD-2927515185D2}"
EndProject
Global
	GlobalSection(SolutionConfigurationPlatforms) = preSolution
		Debug|Any CPU = Debug|Any CPU
		Release|Any CPU = Release|Any CPU
	EndGlobalSection
	GlobalSection(ProjectConfigurationPlatforms) = postSolution
		{C7911CE6-8AE1-8CA8-C4E9-23BDA4597FA2}.Debug|Any CPU.ActiveCfg = Debug|Any CPU
		{C7911CE6-8AE1-8CA8-C4E9-23BDA4597FA2}.Debug|Any CPU.Build.0 = Debug|Any CPU
		{C7911CE6-8AE1-8CA8-C4E9-23BDA4597FA2}.Release|Any CPU.ActiveCfg = Release|Any CPU
		{C7911CE6-8AE1-8CA8-C4E9-23BDA4597FA2}.Release|Any CPU.Build.0 = Release|Any CPU
		{C3CB0CCA-D987-15FA-B637-3BC724A373C6}.Debug|Any CPU.ActiveCfg = Debug|Any CPU
		{C3CB0CCA-D987-15FA-B637-3BC724A373C6}.Debug|Any CPU.Build.0 = Debug|Any CPU
		{C3CB0CCA-D987-15FA-B637-3BC724A373C6}.Release|Any CPU.ActiveCfg = Release|Any CPU
		{C3CB0CCA-D987-15FA-B637-3BC724A373C6}.Release|Any CPU.Build.0 = Release|Any CPU
		{F859ED84-525F-EB44-6E05-DD4EAB062255}.Debug|Any CPU.ActiveCfg = Debug|Any CPU
		{F859ED84-525F-EB44-6E05-DD4EAB062255}.Debug|Any CPU.Build.0 = Debug|Any CPU
		{F859ED84-525F-EB44-6E05-DD4EAB062255}.Release|Any CPU.ActiveCfg = Release|Any CPU
		{F859ED84-525F-EB44-6E05-DD4EAB062255}.Release|Any CPU.Build.0 = Release|Any CPU
		{F7BE11C1-11F5-48F4-7482-7E4D84F0020A}.Debug|Any CPU.ActiveCfg = Debug|Any CPU
		{F7BE11C1-11F5-48F4-7482-7E4D84F0020A}.Debug|Any CPU.Build.0 = Debug|Any CPU
		{F7BE11C1-11F5-48F4-7482-7E4D84F0020A}.Release|Any CPU.ActiveCfg = Release|Any CPU
		{F7BE11C1-11F5-48F4-7482-7E4D84F0020A}.Release|Any CPU.Build.0 = Release|Any CPU
		{2AF58FFD-FEAE-2957-1A99-3C6F31F82204}.Debug|Any CPU.ActiveCfg = Debug|Any CPU
		{2AF58FFD-FEAE-2957-1A99-3C6F31F82204}.Debug|Any CPU.Build.0 = Debug|Any CPU
		{2AF58FFD-FEAE-2957-1A99-3C6F31F82204}.Release|Any CPU.ActiveCfg = Release|Any CPU
		{2AF58FFD-FEAE-2957-1A99-3C6F31F82204}.Release|Any CPU.Build.0 = Release|Any CPU
		{89350DBE-1540-66D2-63CD-2927515185D2}.Debug|Any CPU.ActiveCfg = Debug|Any CPU
		{89350DBE-1540-66D2-63CD-2927515185D2}.Debug|Any CPU.Build.0 = Debug|Any CPU
		{89350DBE-1540-66D2-63CD-2927515185D2}.Release|Any CPU.ActiveCfg = Release|Any CPU
		{89350DBE-1540-66D2-63CD-2927515185D2}.Release|Any CPU.Build.0 = Release|Any CPU
	EndGlobalSection
	GlobalSection(SolutionProperties) = preSolution
		HideSolutionNode = FALSE
	EndGlobalSection
EndGlobal
